// !$*UTF8*$!
{
	archiveVersion = 1;
	classes = {
	};
	objectVersion = 51;
	objects = {

/* Begin PBXBuildFile section */
		BE1DE07A24719DA500C3D44D /* AppDelegate.swift in Sources */ = {isa = PBXBuildFile; fileRef = BE1DE07924719DA500C3D44D /* AppDelegate.swift */; };
		BE1DE07C24719DA500C3D44D /* SceneDelegate.swift in Sources */ = {isa = PBXBuildFile; fileRef = BE1DE07B24719DA500C3D44D /* SceneDelegate.swift */; };
		BE1DE07E24719DA500C3D44D /* ViewController.swift in Sources */ = {isa = PBXBuildFile; fileRef = BE1DE07D24719DA500C3D44D /* ViewController.swift */; };
		BE1DE08124719DA500C3D44D /* Main.storyboard in Resources */ = {isa = PBXBuildFile; fileRef = BE1DE07F24719DA500C3D44D /* Main.storyboard */; };
		BE1DE08324719DA700C3D44D /* Assets.xcassets in Resources */ = {isa = PBXBuildFile; fileRef = BE1DE08224719DA700C3D44D /* Assets.xcassets */; };
		BE1DE08624719DA700C3D44D /* LaunchScreen.storyboard in Resources */ = {isa = PBXBuildFile; fileRef = BE1DE08424719DA700C3D44D /* LaunchScreen.storyboard */; };
		BE1DE08E2472B3FC00C3D44D /* LoginViewModel.swift in Sources */ = {isa = PBXBuildFile; fileRef = BE1DE08D2472B3FC00C3D44D /* LoginViewModel.swift */; };
		BE1DE0912472BFA600C3D44D /* LoginModel.swift in Sources */ = {isa = PBXBuildFile; fileRef = BE1DE0902472BFA600C3D44D /* LoginModel.swift */; };
		BE1DE0932472C2A600C3D44D /* Constant.swift in Sources */ = {isa = PBXBuildFile; fileRef = BE1DE0922472C2A600C3D44D /* Constant.swift */; };
		BE1DE0BB2473109300C3D44D /* HomeViewController.swift in Sources */ = {isa = PBXBuildFile; fileRef = BE1DE0BA2473109300C3D44D /* HomeViewController.swift */; };
		BE1DE0BF2473190100C3D44D /* KeyChain.swift in Sources */ = {isa = PBXBuildFile; fileRef = BE1DE0BE2473190100C3D44D /* KeyChain.swift */; };
		BE1DE0C12473231300C3D44D /* UserDefaultExtension.swift in Sources */ = {isa = PBXBuildFile; fileRef = BE1DE0C02473231300C3D44D /* UserDefaultExtension.swift */; };
		CDF44F26B247F242B81AEEA0 /* Pods_testlogin.framework in Frameworks */ = {isa = PBXBuildFile; fileRef = 606FE04E5B7C66714394EAEF /* Pods_testlogin.framework */; };
/* End PBXBuildFile section */

/* Begin PBXFileReference section */
		58395C690CDEFE6E594360A1 /* Pods-testlogin.debug.xcconfig */ = {isa = PBXFileReference; includeInIndex = 1; lastKnownFileType = text.xcconfig; name = "Pods-testlogin.debug.xcconfig"; path = "Target Support Files/Pods-testlogin/Pods-testlogin.debug.xcconfig"; sourceTree = "<group>"; };
		606FE04E5B7C66714394EAEF /* Pods_testlogin.framework */ = {isa = PBXFileReference; explicitFileType = wrapper.framework; includeInIndex = 0; path = Pods_testlogin.framework; sourceTree = BUILT_PRODUCTS_DIR; };
		BE1DE07624719DA500C3D44D /* testlogin.app */ = {isa = PBXFileReference; explicitFileType = wrapper.application; includeInIndex = 0; path = testlogin.app; sourceTree = BUILT_PRODUCTS_DIR; };
		BE1DE07924719DA500C3D44D /* AppDelegate.swift */ = {isa = PBXFileReference; lastKnownFileType = sourcecode.swift; path = AppDelegate.swift; sourceTree = "<group>"; };
		BE1DE07B24719DA500C3D44D /* SceneDelegate.swift */ = {isa = PBXFileReference; lastKnownFileType = sourcecode.swift; path = SceneDelegate.swift; sourceTree = "<group>"; };
		BE1DE07D24719DA500C3D44D /* ViewController.swift */ = {isa = PBXFileReference; lastKnownFileType = sourcecode.swift; path = ViewController.swift; sourceTree = "<group>"; };
		BE1DE08024719DA500C3D44D /* Base */ = {isa = PBXFileReference; lastKnownFileType = file.storyboard; name = Base; path = Base.lproj/Main.storyboard; sourceTree = "<group>"; };
		BE1DE08224719DA700C3D44D /* Assets.xcassets */ = {isa = PBXFileReference; lastKnownFileType = folder.assetcatalog; path = Assets.xcassets; sourceTree = "<group>"; };
		BE1DE08524719DA700C3D44D /* Base */ = {isa = PBXFileReference; lastKnownFileType = file.storyboard; name = Base; path = Base.lproj/LaunchScreen.storyboard; sourceTree = "<group>"; };
		BE1DE08724719DA700C3D44D /* Info.plist */ = {isa = PBXFileReference; lastKnownFileType = text.plist.xml; path = Info.plist; sourceTree = "<group>"; };
		BE1DE08D2472B3FC00C3D44D /* LoginViewModel.swift */ = {isa = PBXFileReference; lastKnownFileType = sourcecode.swift; path = LoginViewModel.swift; sourceTree = "<group>"; };
		BE1DE0902472BFA600C3D44D /* LoginModel.swift */ = {isa = PBXFileReference; lastKnownFileType = sourcecode.swift; path = LoginModel.swift; sourceTree = "<group>"; };
		BE1DE0922472C2A600C3D44D /* Constant.swift */ = {isa = PBXFileReference; lastKnownFileType = sourcecode.swift; path = Constant.swift; sourceTree = "<group>"; };
		BE1DE0BA2473109300C3D44D /* HomeViewController.swift */ = {isa = PBXFileReference; lastKnownFileType = sourcecode.swift; path = HomeViewController.swift; sourceTree = "<group>"; };
		BE1DE0BE2473190100C3D44D /* KeyChain.swift */ = {isa = PBXFileReference; lastKnownFileType = sourcecode.swift; path = KeyChain.swift; sourceTree = "<group>"; };
		BE1DE0C02473231300C3D44D /* UserDefaultExtension.swift */ = {isa = PBXFileReference; lastKnownFileType = sourcecode.swift; path = UserDefaultExtension.swift; sourceTree = "<group>"; };
		E9BCED3E609B7515EF4DD769 /* Pods-testlogin.release.xcconfig */ = {isa = PBXFileReference; includeInIndex = 1; lastKnownFileType = text.xcconfig; name = "Pods-testlogin.release.xcconfig"; path = "Target Support Files/Pods-testlogin/Pods-testlogin.release.xcconfig"; sourceTree = "<group>"; };
/* End PBXFileReference section */

/* Begin PBXFrameworksBuildPhase section */
		BE1DE07324719DA500C3D44D /* Frameworks */ = {
			isa = PBXFrameworksBuildPhase;
			buildActionMask = 2147483647;
			files = (
				CDF44F26B247F242B81AEEA0 /* Pods_testlogin.framework in Frameworks */,
			);
			runOnlyForDeploymentPostprocessing = 0;
		};
/* End PBXFrameworksBuildPhase section */

/* Begin PBXGroup section */
		2542A9CDF5DE6899A8572E4D /* Frameworks */ = {
			isa = PBXGroup;
			children = (
				606FE04E5B7C66714394EAEF /* Pods_testlogin.framework */,
			);
			name = Frameworks;
			sourceTree = "<group>";
		};
		BE1DE06D24719DA500C3D44D = {
			isa = PBXGroup;
			children = (
				BE1DE07824719DA500C3D44D /* testlogin */,
				BE1DE07724719DA500C3D44D /* Products */,
				EBE47C67E1B86A2776CF2A33 /* Pods */,
				2542A9CDF5DE6899A8572E4D /* Frameworks */,
			);
			sourceTree = "<group>";
		};
		BE1DE07724719DA500C3D44D /* Products */ = {
			isa = PBXGroup;
			children = (
				BE1DE07624719DA500C3D44D /* testlogin.app */,
			);
			name = Products;
			sourceTree = "<group>";
		};
		BE1DE07824719DA500C3D44D /* testlogin */ = {
			isa = PBXGroup;
			children = (
				BE1DE08F2472BF9900C3D44D /* Model */,
				BE1DE0BD247318CA00C3D44D /* View */,
				BE1DE0BC247318C100C3D44D /* ViewModel */,
				BE1DE07924719DA500C3D44D /* AppDelegate.swift */,
				BE1DE07B24719DA500C3D44D /* SceneDelegate.swift */,
				BE1DE07F24719DA500C3D44D /* Main.storyboard */,
				BE1DE08224719DA700C3D44D /* Assets.xcassets */,
				BE1DE08424719DA700C3D44D /* LaunchScreen.storyboard */,
				BE1DE08724719DA700C3D44D /* Info.plist */,
				BE1DE0922472C2A600C3D44D /* Constant.swift */,
				BE1DE0BE2473190100C3D44D /* KeyChain.swift */,
				BE1DE0C02473231300C3D44D /* UserDefaultExtension.swift */,
			);
			path = testlogin;
			sourceTree = "<group>";
		};
		BE1DE08F2472BF9900C3D44D /* Model */ = {
			isa = PBXGroup;
			children = (
				BE1DE0902472BFA600C3D44D /* LoginModel.swift */,
			);
			path = Model;
			sourceTree = "<group>";
		};
		BE1DE0BC247318C100C3D44D /* ViewModel */ = {
			isa = PBXGroup;
			children = (
				BE1DE08D2472B3FC00C3D44D /* LoginViewModel.swift */,
			);
			path = ViewModel;
			sourceTree = "<group>";
		};
		BE1DE0BD247318CA00C3D44D /* View */ = {
			isa = PBXGroup;
			children = (
				BE1DE07D24719DA500C3D44D /* ViewController.swift */,
				BE1DE0BA2473109300C3D44D /* HomeViewController.swift */,
			);
			path = View;
			sourceTree = "<group>";
		};
		EBE47C67E1B86A2776CF2A33 /* Pods */ = {
			isa = PBXGroup;
			children = (
				58395C690CDEFE6E594360A1 /* Pods-testlogin.debug.xcconfig */,
				E9BCED3E609B7515EF4DD769 /* Pods-testlogin.release.xcconfig */,
			);
			path = Pods;
			sourceTree = "<group>";
		};
/* End PBXGroup section */

/* Begin PBXNativeTarget section */
		BE1DE07524719DA500C3D44D /* testlogin */ = {
			isa = PBXNativeTarget;
			buildConfigurationList = BE1DE08A24719DA700C3D44D /* Build configuration list for PBXNativeTarget "testlogin" */;
			buildPhases = (
				E66DCEE718D6D9D8F13B6B81 /* [CP] Check Pods Manifest.lock */,
				BE1DE07224719DA500C3D44D /* Sources */,
				BE1DE07324719DA500C3D44D /* Frameworks */,
				BE1DE07424719DA500C3D44D /* Resources */,
				E0CDD7F1819B1993C6F895F7 /* [CP] Embed Pods Frameworks */,
			);
			buildRules = (
			);
			dependencies = (
			);
			name = testlogin;
			productName = testlogin;
			productReference = BE1DE07624719DA500C3D44D /* testlogin.app */;
			productType = "com.apple.product-type.application";
		};
/* End PBXNativeTarget section */

/* Begin PBXProject section */
		BE1DE06E24719DA500C3D44D /* Project object */ = {
			isa = PBXProject;
			attributes = {
				LastSwiftUpdateCheck = 1140;
				LastUpgradeCheck = 1140;
				ORGANIZATIONNAME = "Nguyen Anh Tu";
				TargetAttributes = {
					BE1DE07524719DA500C3D44D = {
						CreatedOnToolsVersion = 11.4;
					};
				};
			};
			buildConfigurationList = BE1DE07124719DA500C3D44D /* Build configuration list for PBXProject "testlogin" */;
			compatibilityVersion = "Xcode 9.3";
			developmentRegion = en;
			hasScannedForEncodings = 0;
			knownRegions = (
				en,
				Base,
			);
			mainGroup = BE1DE06D24719DA500C3D44D;
			productRefGroup = BE1DE07724719DA500C3D44D /* Products */;
			projectDirPath = "";
			projectRoot = "";
			targets = (
				BE1DE07524719DA500C3D44D /* testlogin */,
			);
		};
/* End PBXProject section */

/* Begin PBXResourcesBuildPhase section */
		BE1DE07424719DA500C3D44D /* Resources */ = {
			isa = PBXResourcesBuildPhase;
			buildActionMask = 2147483647;
			files = (
				BE1DE08624719DA700C3D44D /* LaunchScreen.storyboard in Resources */,
				BE1DE08324719DA700C3D44D /* Assets.xcassets in Resources */,
				BE1DE08124719DA500C3D44D /* Main.storyboard in Resources */,
			);
			runOnlyForDeploymentPostprocessing = 0;
		};
/* End PBXResourcesBuildPhase section */

/* Begin PBXShellScriptBuildPhase section */
		E0CDD7F1819B1993C6F895F7 /* [CP] Embed Pods Frameworks */ = {
			isa = PBXShellScriptBuildPhase;
			buildActionMask = 2147483647;
			files = (
			);
			inputFileListPaths = (
				"${PODS_ROOT}/Target Support Files/Pods-testlogin/Pods-testlogin-frameworks-${CONFIGURATION}-input-files.xcfilelist",
			);
			name = "[CP] Embed Pods Frameworks";
			outputFileListPaths = (
				"${PODS_ROOT}/Target Support Files/Pods-testlogin/Pods-testlogin-frameworks-${CONFIGURATION}-output-files.xcfilelist",
			);
			runOnlyForDeploymentPostprocessing = 0;
			shellPath = /bin/sh;
			shellScript = "\"${PODS_ROOT}/Target Support Files/Pods-testlogin/Pods-testlogin-frameworks.sh\"\n";
			showEnvVarsInLog = 0;
		};
		E66DCEE718D6D9D8F13B6B81 /* [CP] Check Pods Manifest.lock */ = {
			isa = PBXShellScriptBuildPhase;
			buildActionMask = 2147483647;
			files = (
			);
			inputFileListPaths = (
			);
			inputPaths = (
				"${PODS_PODFILE_DIR_PATH}/Podfile.lock",
				"${PODS_ROOT}/Manifest.lock",
			);
			name = "[CP] Check Pods Manifest.lock";
			outputFileListPaths = (
			);
			outputPaths = (
				"$(DERIVED_FILE_DIR)/Pods-testlogin-checkManifestLockResult.txt",
			);
			runOnlyForDeploymentPostprocessing = 0;
			shellPath = /bin/sh;
			shellScript = "diff \"${PODS_PODFILE_DIR_PATH}/Podfile.lock\" \"${PODS_ROOT}/Manifest.lock\" > /dev/null\nif [ $? != 0 ] ; then\n    # print error to STDERR\n    echo \"error: The sandbox is not in sync with the Podfile.lock. Run 'pod install' or update your CocoaPods installation.\" >&2\n    exit 1\nfi\n# This output is used by Xcode 'outputs' to avoid re-running this script phase.\necho \"SUCCESS\" > \"${SCRIPT_OUTPUT_FILE_0}\"\n";
			showEnvVarsInLog = 0;
		};
/* End PBXShellScriptBuildPhase section */

/* Begin PBXSourcesBuildPhase section */
		BE1DE07224719DA500C3D44D /* Sources */ = {
			isa = PBXSourcesBuildPhase;
			buildActionMask = 2147483647;
			files = (
				BE1DE0912472BFA600C3D44D /* LoginModel.swift in Sources */,
				BE1DE08E2472B3FC00C3D44D /* LoginViewModel.swift in Sources */,
				BE1DE07E24719DA500C3D44D /* ViewController.swift in Sources */,
				BE1DE07A24719DA500C3D44D /* AppDelegate.swift in Sources */,
				BE1DE07C24719DA500C3D44D /* SceneDelegate.swift in Sources */,
				BE1DE0C12473231300C3D44D /* UserDefaultExtension.swift in Sources */,
				BE1DE0BF2473190100C3D44D /* KeyChain.swift in Sources */,
				BE1DE0BB2473109300C3D44D /* HomeViewController.swift in Sources */,
				BE1DE0932472C2A600C3D44D /* Constant.swift in Sources */,
			);
			runOnlyForDeploymentPostprocessing = 0;
		};
/* End PBXSourcesBuildPhase section */

/* Begin PBXVariantGroup section */
		BE1DE07F24719DA500C3D44D /* Main.storyboard */ = {
			isa = PBXVariantGroup;
			children = (
				BE1DE08024719DA500C3D44D /* Base */,
			);
			name = Main.storyboard;
			sourceTree = "<group>";
		};
		BE1DE08424719DA700C3D44D /* LaunchScreen.storyboard */ = {
			isa = PBXVariantGroup;
			children = (
				BE1DE08524719DA700C3D44D /* Base */,
			);
			name = LaunchScreen.storyboard;
			sourceTree = "<group>";
		};
/* End PBXVariantGroup section */

/* Begin XCBuildConfiguration section */
		BE1DE08824719DA700C3D44D /* Debug */ = {
			isa = XCBuildConfiguration;
			buildSettings = {
				ALWAYS_SEARCH_USER_PATHS = NO;
				CLANG_ANALYZER_NONNULL = YES;
				CLANG_ANALYZER_NUMBER_OBJECT_CONVERSION = YES_AGGRESSIVE;
				CLANG_CXX_LANGUAGE_STANDARD = "gnu++14";
				CLANG_CXX_LIBRARY = "libc++";
				CLANG_ENABLE_MODULES = YES;
				CLANG_ENABLE_OBJC_ARC = YES;
				CLANG_ENABLE_OBJC_WEAK = YES;
				CLANG_WARN_BLOCK_CAPTURE_AUTORELEASING = YES;
				CLANG_WARN_BOOL_CONVERSION = YES;
				CLANG_WARN_COMMA = YES;
				CLANG_WARN_CONSTANT_CONVERSION = YES;
				CLANG_WARN_DEPRECATED_OBJC_IMPLEMENTATIONS = YES;
				CLANG_WARN_DIRECT_OBJC_ISA_USAGE = YES_ERROR;
				CLANG_WARN_DOCUMENTATION_COMMENTS = YES;
				CLANG_WARN_EMPTY_BODY = YES;
				CLANG_WARN_ENUM_CONVERSION = YES;
				CLANG_WARN_INFINITE_RECURSION = YES;
				CLANG_WARN_INT_CONVERSION = YES;
				CLANG_WARN_NON_LITERAL_NULL_CONVERSION = YES;
				CLANG_WARN_OBJC_IMPLICIT_RETAIN_SELF = YES;
				CLANG_WARN_OBJC_LITERAL_CONVERSION = YES;
				CLANG_WARN_OBJC_ROOT_CLASS = YES_ERROR;
				CLANG_WARN_RANGE_LOOP_ANALYSIS = YES;
				CLANG_WARN_STRICT_PROTOTYPES = YES;
				CLANG_WARN_SUSPICIOUS_MOVE = YES;
				CLANG_WARN_UNGUARDED_AVAILABILITY = YES_AGGRESSIVE;
				CLANG_WARN_UNREACHABLE_CODE = YES;
				CLANG_WARN__DUPLICATE_METHOD_MATCH = YES;
				COPY_PHASE_STRIP = NO;
				DEBUG_INFORMATION_FORMAT = dwarf;
				ENABLE_STRICT_OBJC_MSGSEND = YES;
				ENABLE_TESTABILITY = YES;
				GCC_C_LANGUAGE_STANDARD = gnu11;
				GCC_DYNAMIC_NO_PIC = NO;
				GCC_NO_COMMON_BLOCKS = YES;
				GCC_OPTIMIZATION_LEVEL = 0;
				GCC_PREPROCESSOR_DEFINITIONS = (
					"DEBUG=1",
					"$(inherited)",
				);
				GCC_WARN_64_TO_32_BIT_CONVERSION = YES;
				GCC_WARN_ABOUT_RETURN_TYPE = YES_ERROR;
				GCC_WARN_UNDECLARED_SELECTOR = YES;
				GCC_WARN_UNINITIALIZED_AUTOS = YES_AGGRESSIVE;
				GCC_WARN_UNUSED_FUNCTION = YES;
				GCC_WARN_UNUSED_VARIABLE = YES;
				IPHONEOS_DEPLOYMENT_TARGET = 13.4;
				MTL_ENABLE_DEBUG_INFO = INCLUDE_SOURCE;
				MTL_FAST_MATH = YES;
				ONLY_ACTIVE_ARCH = YES;
				SDKROOT = iphoneos;
				SWIFT_ACTIVE_COMPILATION_CONDITIONS = DEBUG;
				SWIFT_OPTIMIZATION_LEVEL = "-Onone";
			};
			name = Debug;
		};
		BE1DE08924719DA700C3D44D /* Release */ = {
			isa = XCBuildConfiguration;
			buildSettings = {
				ALWAYS_SEARCH_USER_PATHS = NO;
				CLANG_ANALYZER_NONNULL = YES;
				CLANG_ANALYZER_NUMBER_OBJECT_CONVERSION = YES_AGGRESSIVE;
				CLANG_CXX_LANGUAGE_STANDARD = "gnu++14";
				CLANG_CXX_LIBRARY = "libc++";
				CLANG_ENABLE_MODULES = YES;
				CLANG_ENABLE_OBJC_ARC = YES;
				CLANG_ENABLE_OBJC_WEAK = YES;
				CLANG_WARN_BLOCK_CAPTURE_AUTORELEASING = YES;
				CLANG_WARN_BOOL_CONVERSION = YES;
				CLANG_WARN_COMMA = YES;
				CLANG_WARN_CONSTANT_CONVERSION = YES;
				CLANG_WARN_DEPRECATED_OBJC_IMPLEMENTATIONS = YES;
				CLANG_WARN_DIRECT_OBJC_ISA_USAGE = YES_ERROR;
				CLANG_WARN_DOCUMENTATION_COMMENTS = YES;
				CLANG_WARN_EMPTY_BODY = YES;
				CLANG_WARN_ENUM_CONVERSION = YES;
				CLANG_WARN_INFINITE_RECURSION = YES;
				CLANG_WARN_INT_CONVERSION = YES;
				CLANG_WARN_NON_LITERAL_NULL_CONVERSION = YES;
				CLANG_WARN_OBJC_IMPLICIT_RETAIN_SELF = YES;
				CLANG_WARN_OBJC_LITERAL_CONVERSION = YES;
				CLANG_WARN_OBJC_ROOT_CLASS = YES_ERROR;
				CLANG_WARN_RANGE_LOOP_ANALYSIS = YES;
				CLANG_WARN_STRICT_PROTOTYPES = YES;
				CLANG_WARN_SUSPICIOUS_MOVE = YES;
				CLANG_WARN_UNGUARDED_AVAILABILITY = YES_AGGRESSIVE;
				CLANG_WARN_UNREACHABLE_CODE = YES;
				CLANG_WARN__DUPLICATE_METHOD_MATCH = YES;
				COPY_PHASE_STRIP = NO;
				DEBUG_INFORMATION_FORMAT = "dwarf-with-dsym";
				ENABLE_NS_ASSERTIONS = NO;
				ENABLE_STRICT_OBJC_MSGSEND = YES;
				GCC_C_LANGUAGE_STANDARD = gnu11;
				GCC_NO_COMMON_BLOCKS = YES;
				GCC_WARN_64_TO_32_BIT_CONVERSION = YES;
				GCC_WARN_ABOUT_RETURN_TYPE = YES_ERROR;
				GCC_WARN_UNDECLARED_SELECTOR = YES;
				GCC_WARN_UNINITIALIZED_AUTOS = YES_AGGRESSIVE;
				GCC_WARN_UNUSED_FUNCTION = YES;
				GCC_WARN_UNUSED_VARIABLE = YES;
				IPHONEOS_DEPLOYMENT_TARGET = 13.4;
				MTL_ENABLE_DEBUG_INFO = NO;
				MTL_FAST_MATH = YES;
				SDKROOT = iphoneos;
				SWIFT_COMPILATION_MODE = wholemodule;
				SWIFT_OPTIMIZATION_LEVEL = "-O";
				VALIDATE_PRODUCT = YES;
			};
			name = Release;
		};
		BE1DE08B24719DA700C3D44D /* Debug */ = {
			isa = XCBuildConfiguration;
			baseConfigurationReference = 58395C690CDEFE6E594360A1 /* Pods-testlogin.debug.xcconfig */;
			buildSettings = {
				ASSETCATALOG_COMPILER_APPICON_NAME = AppIcon;
				CODE_SIGN_STYLE = Automatic;
				DEVELOPMENT_TEAM = 64994J6UD3;
				INFOPLIST_FILE = testlogin/Info.plist;
				LD_RUNPATH_SEARCH_PATHS = (
					"$(inherited)",
					"@executable_path/Frameworks",
				);
				PRODUCT_BUNDLE_IDENTIFIER = Apple.testlogin;
				PRODUCT_NAME = "$(TARGET_NAME)";
				SWIFT_VERSION = 5.0;
				TARGETED_DEVICE_FAMILY = "1,2";
			};
			name = Debug;
		};
		BE1DE08C24719DA700C3D44D /* Release */ = {
			isa = XCBuildConfiguration;
			baseConfigurationReference = E9BCED3E609B7515EF4DD769 /* Pods-testlogin.release.xcconfig */;
			buildSettings = {
				ASSETCATALOG_COMPILER_APPICON_NAME = AppIcon;
				CODE_SIGN_STYLE = Automatic;
				DEVELOPMENT_TEAM = 64994J6UD3;
				INFOPLIST_FILE = testlogin/Info.plist;
				LD_RUNPATH_SEARCH_PATHS = (
					"$(inherited)",
					"@executable_path/Frameworks",
				);
				PRODUCT_BUNDLE_IDENTIFIER = Apple.testlogin;
				PRODUCT_NAME = "$(TARGET_NAME)";
				SWIFT_VERSION = 5.0;
				TARGETED_DEVICE_FAMILY = "1,2";
			};
			name = Release;
		};
/* End XCBuildConfiguration section */

/* Begin XCConfigurationList section */
		BE1DE07124719DA500C3D44D /* Build configuration list for PBXProject "testlogin" */ = {
			isa = XCConfigurationList;
			buildConfigurations = (
				BE1DE08824719DA700C3D44D /* Debug */,
				BE1DE08924719DA700C3D44D /* Release */,
			);
			defaultConfigurationIsVisible = 0;
			defaultConfigurationName = Release;
		};
		BE1DE08A24719DA700C3D44D /* Build configuration list for PBXNativeTarget "testlogin" */ = {
			isa = XCConfigurationList;
			buildConfigurations = (
				BE1DE08B24719DA700C3D44D /* Debug */,
				BE1DE08C24719DA700C3D44D /* Release */,
			);
			defaultConfigurationIsVisible = 0;
			defaultConfigurationName = Release;
		};
/* End XCConfigurationList section */
	};
	rootObject = BE1DE06E24719DA500C3D44D /* Project object */;
}
